
Microsoft Visual Studio Solution File, Format Version 12.00
# Visual Studio Version 17
VisualStudioVersion = 17.2.32630.192
MinimumVisualStudioVersion = 10.0.40219.1
Project("{FAE04EC0-301F-11D3-BF4B-00C04F79EFBC}") = "SportsStore", "SportsStore\SportsStore.csproj", "{8146D791-F9AF-42B4-B063-F684BF63E9D7}"
EndProject
Project("{FAE04EC0-301F-11D3-BF4B-00C04F79EFBC}") = "SportsStore.Tests", "SportsStore.Tests\SportsStore.Tests.csproj", "{C8400621-9545-440E-977F-3500E7B6D580}"
EndProject
Global
	GlobalSection(SolutionConfigurationPlatforms) = preSolution
		Debug|Any CPU = Debug|Any CPU
		Release|Any CPU = Release|Any CPU
	EndGlobalSection
	GlobalSection(ProjectConfigurationPlatforms) = postSolution
		{8146D791-F9AF-42B4-B063-F684BF63E9D7}.Debug|Any CPU.ActiveCfg = Debug|Any CPU
		{8146D791-F9AF-42B4-B063-F684BF63E9D7}.Debug|Any CPU.Build.0 = Debug|Any CPU
		{8146D791-F9AF-42B4-B063-F684BF63E9D7}.Release|Any CPU.ActiveCfg = Release|Any CPU
		{8146D791-F9AF-42B4-B063-F684BF63E9D7}.Release|Any CPU.Build.0 = Release|Any CPU
		{C8400621-9545-440E-977F-3500E7B6D580}.Debug|Any CPU.ActiveCfg = Debug|Any CPU
		{C8400621-9545-440E-977F-3500E7B6D580}.Debug|Any CPU.Build.0 = Debug|Any CPU
		{C8400621-9545-440E-977F-3500E7B6D580}.Release|Any CPU.ActiveCfg = Release|Any CPU
		{C8400621-9545-440E-977F-3500E7B6D580}.Release|Any CPU.Build.0 = Release|Any CPU
	EndGlobalSection
	GlobalSection(SolutionProperties) = preSolution
		HideSolutionNode = FALSE
	EndGlobalSection
	GlobalSection(ExtensibilityGlobals) = postSolution
		SolutionGuid = {057A2144-5A9B-483A-8D9F-807324DDAEE2}
	EndGlobalSection
EndGlobal
